
Microsoft Visual Studio Solution File, Format Version 12.00
# Visual Studio Version 16
VisualStudioVersion = 16.0.31112.23
MinimumVisualStudioVersion = 10.0.40219.1
Project("{FAE04EC0-301F-11D3-BF4B-00C04F79EFBC}") = "CMS.API", "CMS.API\CMS.API.csproj", "{5CA6FC8D-FB76-4A9B-9F1A-4A2EA8668598}"
EndProject
Project("{FAE04EC0-301F-11D3-BF4B-00C04F79EFBC}") = "CMS.DAL", "CMS.DAL\CMS.DAL.csproj", "{2E3CC10E-762D-4931-A3C4-06AADD6521EA}"
EndProject
Project("{FAE04EC0-301F-11D3-BF4B-00C04F79EFBC}") = "CMS.BL", "CMS.BL\CMS.BL.csproj", "{5395B62B-D298-4477-A953-DD725672EEC9}"
EndProject
Project("{2150E333-8FDC-42A3-9474-1A3956D46DE8}") = "Core", "Core", "{0B19F2C1-010A-48FD-AC3F-3B2D642DFC04}"
EndProject
Project("{2150E333-8FDC-42A3-9474-1A3956D46DE8}") = "Common", "Common", "{9FD3C205-B866-40FF-8284-F8F1BF499E79}"
EndProject
Project("{FAE04EC0-301F-11D3-BF4B-00C04F79EFBC}") = "CMS.Common", "CMS.Common\CMS.Common.csproj", "{5D03AAB0-C55A-49AA-AC09-D211EF66751A}"
EndProject
Project("{FAE04EC0-301F-11D3-BF4B-00C04F79EFBC}") = "Common.Util", "Common.Util\Common.Util.csproj", "{2F056014-8C80-4CF8-B728-D50AD50D1E67}"
EndProject
Project("{2150E333-8FDC-42A3-9474-1A3956D46DE8}") = "Presentation", "Presentation", "{9F4DB044-A0C4-41A4-A048-08CE39A7BBAF}"
EndProject
Project("{FAE04EC0-301F-11D3-BF4B-00C04F79EFBC}") = "CMS.Test", "CMS.Test\CMS.Test.csproj", "{ECFACDA3-9455-4C97-86BE-C01481B58A30}"
EndProject
Global
	GlobalSection(SolutionConfigurationPlatforms) = preSolution
		Debug|Any CPU = Debug|Any CPU
		Release|Any CPU = Release|Any CPU
	EndGlobalSection
	GlobalSection(ProjectConfigurationPlatforms) = postSolution
		{5CA6FC8D-FB76-4A9B-9F1A-4A2EA8668598}.Debug|Any CPU.ActiveCfg = Debug|Any CPU
		{5CA6FC8D-FB76-4A9B-9F1A-4A2EA8668598}.Debug|Any CPU.Build.0 = Debug|Any CPU
		{5CA6FC8D-FB76-4A9B-9F1A-4A2EA8668598}.Release|Any CPU.ActiveCfg = Release|Any CPU
		{5CA6FC8D-FB76-4A9B-9F1A-4A2EA8668598}.Release|Any CPU.Build.0 = Release|Any CPU
		{2E3CC10E-762D-4931-A3C4-06AADD6521EA}.Debug|Any CPU.ActiveCfg = Debug|Any CPU
		{2E3CC10E-762D-4931-A3C4-06AADD6521EA}.Debug|Any CPU.Build.0 = Debug|Any CPU
		{2E3CC10E-762D-4931-A3C4-06AADD6521EA}.Release|Any CPU.ActiveCfg = Release|Any CPU
		{2E3CC10E-762D-4931-A3C4-06AADD6521EA}.Release|Any CPU.Build.0 = Release|Any CPU
		{5395B62B-D298-4477-A953-DD725672EEC9}.Debug|Any CPU.ActiveCfg = Debug|Any CPU
		{5395B62B-D298-4477-A953-DD725672EEC9}.Debug|Any CPU.Build.0 = Debug|Any CPU
		{5395B62B-D298-4477-A953-DD725672EEC9}.Release|Any CPU.ActiveCfg = Release|Any CPU
		{5395B62B-D298-4477-A953-DD725672EEC9}.Release|Any CPU.Build.0 = Release|Any CPU
		{5D03AAB0-C55A-49AA-AC09-D211EF66751A}.Debug|Any CPU.ActiveCfg = Debug|Any CPU
		{5D03AAB0-C55A-49AA-AC09-D211EF66751A}.Debug|Any CPU.Build.0 = Debug|Any CPU
		{5D03AAB0-C55A-49AA-AC09-D211EF66751A}.Release|Any CPU.ActiveCfg = Release|Any CPU
		{5D03AAB0-C55A-49AA-AC09-D211EF66751A}.Release|Any CPU.Build.0 = Release|Any CPU
		{2F056014-8C80-4CF8-B728-D50AD50D1E67}.Debug|Any CPU.ActiveCfg = Debug|Any CPU
		{2F056014-8C80-4CF8-B728-D50AD50D1E67}.Debug|Any CPU.Build.0 = Debug|Any CPU
		{2F056014-8C80-4CF8-B728-D50AD50D1E67}.Release|Any CPU.ActiveCfg = Release|Any CPU
		{2F056014-8C80-4CF8-B728-D50AD50D1E67}.Release|Any CPU.Build.0 = Release|Any CPU
		{ECFACDA3-9455-4C97-86BE-C01481B58A30}.Debug|Any CPU.ActiveCfg = Debug|Any CPU
		{ECFACDA3-9455-4C97-86BE-C01481B58A30}.Debug|Any CPU.Build.0 = Debug|Any CPU
		{ECFACDA3-9455-4C97-86BE-C01481B58A30}.Release|Any CPU.ActiveCfg = Release|Any CPU
		{ECFACDA3-9455-4C97-86BE-C01481B58A30}.Release|Any CPU.Build.0 = Release|Any CPU
	EndGlobalSection
	GlobalSection(SolutionProperties) = preSolution
		HideSolutionNode = FALSE
	EndGlobalSection
	GlobalSection(NestedProjects) = preSolution
		{5CA6FC8D-FB76-4A9B-9F1A-4A2EA8668598} = {9F4DB044-A0C4-41A4-A048-08CE39A7BBAF}
		{2E3CC10E-762D-4931-A3C4-06AADD6521EA} = {0B19F2C1-010A-48FD-AC3F-3B2D642DFC04}
		{5395B62B-D298-4477-A953-DD725672EEC9} = {0B19F2C1-010A-48FD-AC3F-3B2D642DFC04}
		{5D03AAB0-C55A-49AA-AC09-D211EF66751A} = {0B19F2C1-010A-48FD-AC3F-3B2D642DFC04}
		{2F056014-8C80-4CF8-B728-D50AD50D1E67} = {9FD3C205-B866-40FF-8284-F8F1BF499E79}
		{ECFACDA3-9455-4C97-86BE-C01481B58A30} = {9F4DB044-A0C4-41A4-A048-08CE39A7BBAF}
	EndGlobalSection
	GlobalSection(ExtensibilityGlobals) = postSolution
		SolutionGuid = {100FECA7-B470-413C-B7CB-32BCCF30B883}
	EndGlobalSection
EndGlobal
